
Microsoft Visual Studio Solution File, Format Version 12.00
# Visual Studio Version 16
VisualStudioVersion = 16.0.29609.76
MinimumVisualStudioVersion = 10.0.40219.1
Project("{FAE04EC0-301F-11D3-BF4B-00C04F79EFBC}") = "MathExerciseFixation", "MathExerciseFixation\MathExerciseFixation.csproj", "{A2B66DE8-2E38-4C80-B014-AD4BD5C46FFF}"
EndProject
Global
	GlobalSection(SolutionConfigurationPlatforms) = preSolution
		Debug|Any CPU = Debug|Any CPU
		Release|Any CPU = Release|Any CPU
	EndGlobalSection
	GlobalSection(ProjectConfigurationPlatforms) = postSolution
		{A2B66DE8-2E38-4C80-B014-AD4BD5C46FFF}.Debug|Any CPU.ActiveCfg = Debug|Any CPU
		{A2B66DE8-2E38-4C80-B014-AD4BD5C46FFF}.Debug|Any CPU.Build.0 = Debug|Any CPU
		{A2B66DE8-2E38-4C80-B014-AD4BD5C46FFF}.Release|Any CPU.ActiveCfg = Release|Any CPU
		{A2B66DE8-2E38-4C80-B014-AD4BD5C46FFF}.Release|Any CPU.Build.0 = Release|Any CPU
	EndGlobalSection
	GlobalSection(SolutionProperties) = preSolution
		HideSolutionNode = FALSE
	EndGlobalSection
	GlobalSection(ExtensibilityGlobals) = postSolution
		SolutionGuid = {4015B290-5680-4C7B-B5DE-11920368384A}
	EndGlobalSection
EndGlobal
